
Microsoft Visual Studio Solution File, Format Version 12.00
# Visual Studio Version 17
VisualStudioVersion = 17.7.34221.43
MinimumVisualStudioVersion = 10.0.40219.1
Project("{9A19103F-16F7-4668-BE54-9A1E7A4F7556}") = "LearnVocabulary", "LearnVocabulary\LearnVocabulary.csproj", "{3A1913CD-ADAF-45A1-B96D-079CDD1E0424}"
EndProject
Global
	GlobalSection(SolutionConfigurationPlatforms) = preSolution
		Debug|Any CPU = Debug|Any CPU
		Release|Any CPU = Release|Any CPU
	EndGlobalSection
	GlobalSection(ProjectConfigurationPlatforms) = postSolution
		{3A1913CD-ADAF-45A1-B96D-079CDD1E0424}.Debug|Any CPU.ActiveCfg = Debug|Any CPU
		{3A1913CD-ADAF-45A1-B96D-079CDD1E0424}.Debug|Any CPU.Build.0 = Debug|Any CPU
		{3A1913CD-ADAF-45A1-B96D-079CDD1E0424}.Release|Any CPU.ActiveCfg = Release|Any CPU
		{3A1913CD-ADAF-45A1-B96D-079CDD1E0424}.Release|Any CPU.Build.0 = Release|Any CPU
	EndGlobalSection
	GlobalSection(SolutionProperties) = preSolution
		HideSolutionNode = FALSE
	EndGlobalSection
	GlobalSection(ExtensibilityGlobals) = postSolution
		SolutionGuid = {85B74AC9-C3AA-4534-84D7-3479C9DA52C6}
	EndGlobalSection
EndGlobal
